
Microsoft Visual Studio Solution File, Format Version 12.00
# Visual Studio Version 17
VisualStudioVersion = 17.5.33516.290
MinimumVisualStudioVersion = 10.0.40219.1
Project("{FAE04EC0-301F-11D3-BF4B-00C04F79EFBC}") = "Projeto - SistemaWebMvc", "Projeto - SistemaWebMvc\Projeto - SistemaWebMvc.csproj", "{16FCC788-A564-4F71-9211-CF48B97B7ACC}"
EndProject
Global
	GlobalSection(SolutionConfigurationPlatforms) = preSolution
		Debug|Any CPU = Debug|Any CPU
		Release|Any CPU = Release|Any CPU
	EndGlobalSection
	GlobalSection(ProjectConfigurationPlatforms) = postSolution
		{16FCC788-A564-4F71-9211-CF48B97B7ACC}.Debug|Any CPU.ActiveCfg = Debug|Any CPU
		{16FCC788-A564-4F71-9211-CF48B97B7ACC}.Debug|Any CPU.Build.0 = Debug|Any CPU
		{16FCC788-A564-4F71-9211-CF48B97B7ACC}.Release|Any CPU.ActiveCfg = Release|Any CPU
		{16FCC788-A564-4F71-9211-CF48B97B7ACC}.Release|Any CPU.Build.0 = Release|Any CPU
	EndGlobalSection
	GlobalSection(SolutionProperties) = preSolution
		HideSolutionNode = FALSE
	EndGlobalSection
	GlobalSection(ExtensibilityGlobals) = postSolution
		SolutionGuid = {D5381E7C-5AEF-426A-A72E-B08E2C00E792}
	EndGlobalSection
EndGlobal
